// !$*UTF8*$!
{
	archiveVersion = 1;
	classes = {
	};
	objectVersion = 50;
	objects = {

/* Begin PBXBuildFile section */
		DAD3F9CA2558611500732BB6 /* AppDelegate.swift in Sources */ = {isa = PBXBuildFile; fileRef = DAD3F9C92558611500732BB6 /* AppDelegate.swift */; };
		DAD3F9CC2558611500732BB6 /* SceneDelegate.swift in Sources */ = {isa = PBXBuildFile; fileRef = DAD3F9CB2558611500732BB6 /* SceneDelegate.swift */; };
		DAD3F9CE2558611500732BB6 /* HomeViewController.swift in Sources */ = {isa = PBXBuildFile; fileRef = DAD3F9CD2558611500732BB6 /* HomeViewController.swift */; };
		DAD3F9D12558611500732BB6 /* Main.storyboard in Resources */ = {isa = PBXBuildFile; fileRef = DAD3F9CF2558611500732BB6 /* Main.storyboard */; };
		DAD3F9D32558611600732BB6 /* Assets.xcassets in Resources */ = {isa = PBXBuildFile; fileRef = DAD3F9D22558611600732BB6 /* Assets.xcassets */; };
		DAD3F9D62558611600732BB6 /* LaunchScreen.storyboard in Resources */ = {isa = PBXBuildFile; fileRef = DAD3F9D42558611600732BB6 /* LaunchScreen.storyboard */; };
		DAD3F9E12558611700732BB6 /* instagramTests.swift in Sources */ = {isa = PBXBuildFile; fileRef = DAD3F9E02558611700732BB6 /* instagramTests.swift */; };
		DAD3F9EC2558611700732BB6 /* instagramUITests.swift in Sources */ = {isa = PBXBuildFile; fileRef = DAD3F9EB2558611700732BB6 /* instagramUITests.swift */; };
/* End PBXBuildFile section */

/* Begin PBXContainerItemProxy section */
		DAD3F9DD2558611700732BB6 /* PBXContainerItemProxy */ = {
			isa = PBXContainerItemProxy;
			containerPortal = DAD3F9BE2558611500732BB6 /* Project object */;
			proxyType = 1;
			remoteGlobalIDString = DAD3F9C52558611500732BB6;
			remoteInfo = instagram;
		};
		DAD3F9E82558611700732BB6 /* PBXContainerItemProxy */ = {
			isa = PBXContainerItemProxy;
			containerPortal = DAD3F9BE2558611500732BB6 /* Project object */;
			proxyType = 1;
			remoteGlobalIDString = DAD3F9C52558611500732BB6;
			remoteInfo = instagram;
		};
/* End PBXContainerItemProxy section */

/* Begin PBXFileReference section */
		DAD3F9C62558611500732BB6 /* instagram.app */ = {isa = PBXFileReference; explicitFileType = wrapper.application; includeInIndex = 0; path = instagram.app; sourceTree = BUILT_PRODUCTS_DIR; };
		DAD3F9C92558611500732BB6 /* AppDelegate.swift */ = {isa = PBXFileReference; lastKnownFileType = sourcecode.swift; path = AppDelegate.swift; sourceTree = "<group>"; };
		DAD3F9CB2558611500732BB6 /* SceneDelegate.swift */ = {isa = PBXFileReference; lastKnownFileType = sourcecode.swift; path = SceneDelegate.swift; sourceTree = "<group>"; };
		DAD3F9CD2558611500732BB6 /* HomeViewController.swift */ = {isa = PBXFileReference; lastKnownFileType = sourcecode.swift; path = HomeViewController.swift; sourceTree = "<group>"; };
		DAD3F9D02558611500732BB6 /* Base */ = {isa = PBXFileReference; lastKnownFileType = file.storyboard; name = Base; path = Base.lproj/Main.storyboard; sourceTree = "<group>"; };
		DAD3F9D22558611600732BB6 /* Assets.xcassets */ = {isa = PBXFileReference; lastKnownFileType = folder.assetcatalog; path = Assets.xcassets; sourceTree = "<group>"; };
		DAD3F9D52558611600732BB6 /* Base */ = {isa = PBXFileReference; lastKnownFileType = file.storyboard; name = Base; path = Base.lproj/LaunchScreen.storyboard; sourceTree = "<group>"; };
		DAD3F9D72558611600732BB6 /* Info.plist */ = {isa = PBXFileReference; lastKnownFileType = text.plist.xml; path = Info.plist; sourceTree = "<group>"; };
		DAD3F9DC2558611700732BB6 /* instagramTests.xctest */ = {isa = PBXFileReference; explicitFileType = wrapper.cfbundle; includeInIndex = 0; path = instagramTests.xctest; sourceTree = BUILT_PRODUCTS_DIR; };
		DAD3F9E02558611700732BB6 /* instagramTests.swift */ = {isa = PBXFileReference; lastKnownFileType = sourcecode.swift; path = instagramTests.swift; sourceTree = "<group>"; };
		DAD3F9E22558611700732BB6 /* Info.plist */ = {isa = PBXFileReference; lastKnownFileType = text.plist.xml; path = Info.plist; sourceTree = "<group>"; };
		DAD3F9E72558611700732BB6 /* instagramUITests.xctest */ = {isa = PBXFileReference; explicitFileType = wrapper.cfbundle; includeInIndex = 0; path = instagramUITests.xctest; sourceTree = BUILT_PRODUCTS_DIR; };
		DAD3F9EB2558611700732BB6 /* instagramUITests.swift */ = {isa = PBXFileReference; lastKnownFileType = sourcecode.swift; path = instagramUITests.swift; sourceTree = "<group>"; };
		DAD3F9ED2558611700732BB6 /* Info.plist */ = {isa = PBXFileReference; lastKnownFileType = text.plist.xml; path = Info.plist; sourceTree = "<group>"; };
/* End PBXFileReference section */

/* Begin PBXFrameworksBuildPhase section */
		DAD3F9C32558611500732BB6 /* Frameworks */ = {
			isa = PBXFrameworksBuildPhase;
			buildActionMask = 2147483647;
			files = (
			);
			runOnlyForDeploymentPostprocessing = 0;
		};
		DAD3F9D92558611700732BB6 /* Frameworks */ = {
			isa = PBXFrameworksBuildPhase;
			buildActionMask = 2147483647;
			files = (
			);
			runOnlyForDeploymentPostprocessing = 0;
		};
		DAD3F9E42558611700732BB6 /* Frameworks */ = {
			isa = PBXFrameworksBuildPhase;
			buildActionMask = 2147483647;
			files = (
			);
			runOnlyForDeploymentPostprocessing = 0;
		};
/* End PBXFrameworksBuildPhase section */

/* Begin PBXGroup section */
		DAD3F9BD2558611500732BB6 = {
			isa = PBXGroup;
			children = (
				DAD3F9C82558611500732BB6 /* instagram */,
				DAD3F9DF2558611700732BB6 /* instagramTests */,
				DAD3F9EA2558611700732BB6 /* instagramUITests */,
				DAD3F9C72558611500732BB6 /* Products */,
			);
			sourceTree = "<group>";
		};
		DAD3F9C72558611500732BB6 /* Products */ = {
			isa = PBXGroup;
			children = (
				DAD3F9C62558611500732BB6 /* instagram.app */,
				DAD3F9DC2558611700732BB6 /* instagramTests.xctest */,
				DAD3F9E72558611700732BB6 /* instagramUITests.xctest */,
			);
			name = Products;
			sourceTree = "<group>";
		};
		DAD3F9C82558611500732BB6 /* instagram */ = {
			isa = PBXGroup;
			children = (
				DAD3F9FF2558617200732BB6 /* Resources */,
				DAD3F9FE2558616B00732BB6 /* Models */,
				DAD3F9FD2558616400732BB6 /* Views */,
				DAD3F9FC2558615B00732BB6 /* Controllers */,
				DAD3F9D72558611600732BB6 /* Info.plist */,
			);
			path = instagram;
			sourceTree = "<group>";
		};
		DAD3F9DF2558611700732BB6 /* instagramTests */ = {
			isa = PBXGroup;
			children = (
				DAD3F9E02558611700732BB6 /* instagramTests.swift */,
				DAD3F9E22558611700732BB6 /* Info.plist */,
			);
			path = instagramTests;
			sourceTree = "<group>";
		};
		DAD3F9EA2558611700732BB6 /* instagramUITests */ = {
			isa = PBXGroup;
			children = (
				DAD3F9EB2558611700732BB6 /* instagramUITests.swift */,
				DAD3F9ED2558611700732BB6 /* Info.plist */,
			);
			path = instagramUITests;
			sourceTree = "<group>";
		};
		DAD3F9FC2558615B00732BB6 /* Controllers */ = {
			isa = PBXGroup;
			children = (
				DAD3F9CD2558611500732BB6 /* HomeViewController.swift */,
			);
			path = Controllers;
			sourceTree = "<group>";
		};
		DAD3F9FD2558616400732BB6 /* Views */ = {
			isa = PBXGroup;
			children = (
				DAD3F9D22558611600732BB6 /* Assets.xcassets */,
				DAD3FA03255861CE00732BB6 /* Storyboards */,
			);
			path = Views;
			sourceTree = "<group>";
		};
		DAD3F9FE2558616B00732BB6 /* Models */ = {
			isa = PBXGroup;
			children = (
			);
			path = Models;
			sourceTree = "<group>";
		};
		DAD3F9FF2558617200732BB6 /* Resources */ = {
			isa = PBXGroup;
			children = (
				DAD3F9C92558611500732BB6 /* AppDelegate.swift */,
				DAD3F9CB2558611500732BB6 /* SceneDelegate.swift */,
			);
			path = Resources;
			sourceTree = "<group>";
		};
		DAD3FA03255861CE00732BB6 /* Storyboards */ = {
			isa = PBXGroup;
			children = (
				DAD3F9CF2558611500732BB6 /* Main.storyboard */,
				DAD3F9D42558611600732BB6 /* LaunchScreen.storyboard */,
			);
			path = Storyboards;
			sourceTree = "<group>";
		};
/* End PBXGroup section */

/* Begin PBXNativeTarget section */
		DAD3F9C52558611500732BB6 /* instagram */ = {
			isa = PBXNativeTarget;
			buildConfigurationList = DAD3F9F02558611700732BB6 /* Build configuration list for PBXNativeTarget "instagram" */;
			buildPhases = (
				DAD3F9C22558611500732BB6 /* Sources */,
				DAD3F9C32558611500732BB6 /* Frameworks */,
				DAD3F9C42558611500732BB6 /* Resources */,
			);
			buildRules = (
			);
			dependencies = (
			);
			name = instagram;
			productName = instagram;
			productReference = DAD3F9C62558611500732BB6 /* instagram.app */;
			productType = "com.apple.product-type.application";
		};
		DAD3F9DB2558611700732BB6 /* instagramTests */ = {
			isa = PBXNativeTarget;
			buildConfigurationList = DAD3F9F32558611700732BB6 /* Build configuration list for PBXNativeTarget "instagramTests" */;
			buildPhases = (
				DAD3F9D82558611700732BB6 /* Sources */,
				DAD3F9D92558611700732BB6 /* Frameworks */,
				DAD3F9DA2558611700732BB6 /* Resources */,
			);
			buildRules = (
			);
			dependencies = (
				DAD3F9DE2558611700732BB6 /* PBXTargetDependency */,
			);
			name = instagramTests;
			productName = instagramTests;
			productReference = DAD3F9DC2558611700732BB6 /* instagramTests.xctest */;
			productType = "com.apple.product-type.bundle.unit-test";
		};
		DAD3F9E62558611700732BB6 /* instagramUITests */ = {
			isa = PBXNativeTarget;
			buildConfigurationList = DAD3F9F62558611700732BB6 /* Build configuration list for PBXNativeTarget "instagramUITests" */;
			buildPhases = (
				DAD3F9E32558611700732BB6 /* Sources */,
				DAD3F9E42558611700732BB6 /* Frameworks */,
				DAD3F9E52558611700732BB6 /* Resources */,
			);
			buildRules = (
			);
			dependencies = (
				DAD3F9E92558611700732BB6 /* PBXTargetDependency */,
			);
			name = instagramUITests;
			productName = instagramUITests;
			productReference = DAD3F9E72558611700732BB6 /* instagramUITests.xctest */;
			productType = "com.apple.product-type.bundle.ui-testing";
		};
/* End PBXNativeTarget section */

/* Begin PBXProject section */
		DAD3F9BE2558611500732BB6 /* Project object */ = {
			isa = PBXProject;
			attributes = {
				LastSwiftUpdateCheck = 1210;
				LastUpgradeCheck = 1210;
				TargetAttributes = {
					DAD3F9C52558611500732BB6 = {
						CreatedOnToolsVersion = 12.1;
					};
					DAD3F9DB2558611700732BB6 = {
						CreatedOnToolsVersion = 12.1;
						TestTargetID = DAD3F9C52558611500732BB6;
					};
					DAD3F9E62558611700732BB6 = {
						CreatedOnToolsVersion = 12.1;
						TestTargetID = DAD3F9C52558611500732BB6;
					};
				};
			};
			buildConfigurationList = DAD3F9C12558611500732BB6 /* Build configuration list for PBXProject "instagram" */;
			compatibilityVersion = "Xcode 9.3";
			developmentRegion = en;
			hasScannedForEncodings = 0;
			knownRegions = (
				en,
				Base,
			);
			mainGroup = DAD3F9BD2558611500732BB6;
			productRefGroup = DAD3F9C72558611500732BB6 /* Products */;
			projectDirPath = "";
			projectRoot = "";
			targets = (
				DAD3F9C52558611500732BB6 /* instagram */,
				DAD3F9DB2558611700732BB6 /* instagramTests */,
				DAD3F9E62558611700732BB6 /* instagramUITests */,
			);
		};
/* End PBXProject section */

/* Begin PBXResourcesBuildPhase section */
		DAD3F9C42558611500732BB6 /* Resources */ = {
			isa = PBXResourcesBuildPhase;
			buildActionMask = 2147483647;
			files = (
				DAD3F9D62558611600732BB6 /* LaunchScreen.storyboard in Resources */,
				DAD3F9D32558611600732BB6 /* Assets.xcassets in Resources */,
				DAD3F9D12558611500732BB6 /* Main.storyboard in Resources */,
			);
			runOnlyForDeploymentPostprocessing = 0;
		};
		DAD3F9DA2558611700732BB6 /* Resources */ = {
			isa = PBXResourcesBuildPhase;
			buildActionMask = 2147483647;
			files = (
			);
			runOnlyForDeploymentPostprocessing = 0;
		};
		DAD3F9E52558611700732BB6 /* Resources */ = {
			isa = PBXResourcesBuildPhase;
			buildActionMask = 2147483647;
			files = (
			);
			runOnlyForDeploymentPostprocessing = 0;
		};
/* End PBXResourcesBuildPhase section */

/* Begin PBXSourcesBuildPhase section */
		DAD3F9C22558611500732BB6 /* Sources */ = {
			isa = PBXSourcesBuildPhase;
			buildActionMask = 2147483647;
			files = (
				DAD3F9CE2558611500732BB6 /* HomeViewController.swift in Sources */,
				DAD3F9CA2558611500732BB6 /* AppDelegate.swift in Sources */,
				DAD3F9CC2558611500732BB6 /* SceneDelegate.swift in Sources */,
			);
			runOnlyForDeploymentPostprocessing = 0;
		};
		DAD3F9D82558611700732BB6 /* Sources */ = {
			isa = PBXSourcesBuildPhase;
			buildActionMask = 2147483647;
			files = (
				DAD3F9E12558611700732BB6 /* instagramTests.swift in Sources */,
			);
			runOnlyForDeploymentPostprocessing = 0;
		};
		DAD3F9E32558611700732BB6 /* Sources */ = {
			isa = PBXSourcesBuildPhase;
			buildActionMask = 2147483647;
			files = (
				DAD3F9EC2558611700732BB6 /* instagramUITests.swift in Sources */,
			);
			runOnlyForDeploymentPostprocessing = 0;
		};
/* End PBXSourcesBuildPhase section */

/* Begin PBXTargetDependency section */
		DAD3F9DE2558611700732BB6 /* PBXTargetDependency */ = {
			isa = PBXTargetDependency;
			target = DAD3F9C52558611500732BB6 /* instagram */;
			targetProxy = DAD3F9DD2558611700732BB6 /* PBXContainerItemProxy */;
		};
		DAD3F9E92558611700732BB6 /* PBXTargetDependency */ = {
			isa = PBXTargetDependency;
			target = DAD3F9C52558611500732BB6 /* instagram */;
			targetProxy = DAD3F9E82558611700732BB6 /* PBXContainerItemProxy */;
		};
/* End PBXTargetDependency section */

/* Begin PBXVariantGroup section */
		DAD3F9CF2558611500732BB6 /* Main.storyboard */ = {
			isa = PBXVariantGroup;
			children = (
				DAD3F9D02558611500732BB6 /* Base */,
			);
			name = Main.storyboard;
			sourceTree = "<group>";
		};
		DAD3F9D42558611600732BB6 /* LaunchScreen.storyboard */ = {
			isa = PBXVariantGroup;
			children = (
				DAD3F9D52558611600732BB6 /* Base */,
			);
			name = LaunchScreen.storyboard;
			sourceTree = "<group>";
		};
/* End PBXVariantGroup section */

/* Begin XCBuildConfiguration section */
		DAD3F9EE2558611700732BB6 /* Debug */ = {
			isa = XCBuildConfiguration;
			buildSettings = {
				ALWAYS_SEARCH_USER_PATHS = NO;
				CLANG_ANALYZER_NONNULL = YES;
				CLANG_ANALYZER_NUMBER_OBJECT_CONVERSION = YES_AGGRESSIVE;
				CLANG_CXX_LANGUAGE_STANDARD = "gnu++14";
				CLANG_CXX_LIBRARY = "libc++";
				CLANG_ENABLE_MODULES = YES;
				CLANG_ENABLE_OBJC_ARC = YES;
				CLANG_ENABLE_OBJC_WEAK = YES;
				CLANG_WARN_BLOCK_CAPTURE_AUTORELEASING = YES;
				CLANG_WARN_BOOL_CONVERSION = YES;
				CLANG_WARN_COMMA = YES;
				CLANG_WARN_CONSTANT_CONVERSION = YES;
				CLANG_WARN_DEPRECATED_OBJC_IMPLEMENTATIONS = YES;
				CLANG_WARN_DIRECT_OBJC_ISA_USAGE = YES_ERROR;
				CLANG_WARN_DOCUMENTATION_COMMENTS = YES;
				CLANG_WARN_EMPTY_BODY = YES;
				CLANG_WARN_ENUM_CONVERSION = YES;
				CLANG_WARN_INFINITE_RECURSION = YES;
				CLANG_WARN_INT_CONVERSION = YES;
				CLANG_WARN_NON_LITERAL_NULL_CONVERSION = YES;
				CLANG_WARN_OBJC_IMPLICIT_RETAIN_SELF = YES;
				CLANG_WARN_OBJC_LITERAL_CONVERSION = YES;
				CLANG_WARN_OBJC_ROOT_CLASS = YES_ERROR;
				CLANG_WARN_QUOTED_INCLUDE_IN_FRAMEWORK_HEADER = YES;
				CLANG_WARN_RANGE_LOOP_ANALYSIS = YES;
				CLANG_WARN_STRICT_PROTOTYPES = YES;
				CLANG_WARN_SUSPICIOUS_MOVE = YES;
				CLANG_WARN_UNGUARDED_AVAILABILITY = YES_AGGRESSIVE;
				CLANG_WARN_UNREACHABLE_CODE = YES;
				CLANG_WARN__DUPLICATE_METHOD_MATCH = YES;
				COPY_PHASE_STRIP = NO;
				DEBUG_INFORMATION_FORMAT = dwarf;
				ENABLE_STRICT_OBJC_MSGSEND = YES;
				ENABLE_TESTABILITY = YES;
				GCC_C_LANGUAGE_STANDARD = gnu11;
				GCC_DYNAMIC_NO_PIC = NO;
				GCC_NO_COMMON_BLOCKS = YES;
				GCC_OPTIMIZATION_LEVEL = 0;
				GCC_PREPROCESSOR_DEFINITIONS = (
					"DEBUG=1",
					"$(inherited)",
				);
				GCC_WARN_64_TO_32_BIT_CONVERSION = YES;
				GCC_WARN_ABOUT_RETURN_TYPE = YES_ERROR;
				GCC_WARN_UNDECLARED_SELECTOR = YES;
				GCC_WARN_UNINITIALIZED_AUTOS = YES_AGGRESSIVE;
				GCC_WARN_UNUSED_FUNCTION = YES;
				GCC_WARN_UNUSED_VARIABLE = YES;
				IPHONEOS_DEPLOYMENT_TARGET = 14.1;
				MTL_ENABLE_DEBUG_INFO = INCLUDE_SOURCE;
				MTL_FAST_MATH = YES;
				ONLY_ACTIVE_ARCH = YES;
				SDKROOT = iphoneos;
				SWIFT_ACTIVE_COMPILATION_CONDITIONS = DEBUG;
				SWIFT_OPTIMIZATION_LEVEL = "-Onone";
			};
			name = Debug;
		};
		DAD3F9EF2558611700732BB6 /* Release */ = {
			isa = XCBuildConfiguration;
			buildSettings = {
				ALWAYS_SEARCH_USER_PATHS = NO;
				CLANG_ANALYZER_NONNULL = YES;
				CLANG_ANALYZER_NUMBER_OBJECT_CONVERSION = YES_AGGRESSIVE;
				CLANG_CXX_LANGUAGE_STANDARD = "gnu++14";
				CLANG_CXX_LIBRARY = "libc++";
				CLANG_ENABLE_MODULES = YES;
				CLANG_ENABLE_OBJC_ARC = YES;
				CLANG_ENABLE_OBJC_WEAK = YES;
				CLANG_WARN_BLOCK_CAPTURE_AUTORELEASING = YES;
				CLANG_WARN_BOOL_CONVERSION = YES;
				CLANG_WARN_COMMA = YES;
				CLANG_WARN_CONSTANT_CONVERSION = YES;
				CLANG_WARN_DEPRECATED_OBJC_IMPLEMENTATIONS = YES;
				CLANG_WARN_DIRECT_OBJC_ISA_USAGE = YES_ERROR;
				CLANG_WARN_DOCUMENTATION_COMMENTS = YES;
				CLANG_WARN_EMPTY_BODY = YES;
				CLANG_WARN_ENUM_CONVERSION = YES;
				CLANG_WARN_INFINITE_RECURSION = YES;
				CLANG_WARN_INT_CONVERSION = YES;
				CLANG_WARN_NON_LITERAL_NULL_CONVERSION = YES;
				CLANG_WARN_OBJC_IMPLICIT_RETAIN_SELF = YES;
				CLANG_WARN_OBJC_LITERAL_CONVERSION = YES;
				CLANG_WARN_OBJC_ROOT_CLASS = YES_ERROR;
				CLANG_WARN_QUOTED_INCLUDE_IN_FRAMEWORK_HEADER = YES;
				CLANG_WARN_RANGE_LOOP_ANALYSIS = YES;
				CLANG_WARN_STRICT_PROTOTYPES = YES;
				CLANG_WARN_SUSPICIOUS_MOVE = YES;
				CLANG_WARN_UNGUARDED_AVAILABILITY = YES_AGGRESSIVE;
				CLANG_WARN_UNREACHABLE_CODE = YES;
				CLANG_WARN__DUPLICATE_METHOD_MATCH = YES;
				COPY_PHASE_STRIP = NO;
				DEBUG_INFORMATION_FORMAT = "dwarf-with-dsym";
				ENABLE_NS_ASSERTIONS = NO;
				ENABLE_STRICT_OBJC_MSGSEND = YES;
				GCC_C_LANGUAGE_STANDARD = gnu11;
				GCC_NO_COMMON_BLOCKS = YES;
				GCC_WARN_64_TO_32_BIT_CONVERSION = YES;
				GCC_WARN_ABOUT_RETURN_TYPE = YES_ERROR;
				GCC_WARN_UNDECLARED_SELECTOR = YES;
				GCC_WARN_UNINITIALIZED_AUTOS = YES_AGGRESSIVE;
				GCC_WARN_UNUSED_FUNCTION = YES;
				GCC_WARN_UNUSED_VARIABLE = YES;
				IPHONEOS_DEPLOYMENT_TARGET = 14.1;
				MTL_ENABLE_DEBUG_INFO = NO;
				MTL_FAST_MATH = YES;
				SDKROOT = iphoneos;
				SWIFT_COMPILATION_MODE = wholemodule;
				SWIFT_OPTIMIZATION_LEVEL = "-O";
				VALIDATE_PRODUCT = YES;
			};
			name = Release;
		};
		DAD3F9F12558611700732BB6 /* Debug */ = {
			isa = XCBuildConfiguration;
			buildSettings = {
				ASSETCATALOG_COMPILER_APPICON_NAME = AppIcon;
				ASSETCATALOG_COMPILER_GLOBAL_ACCENT_COLOR_NAME = AccentColor;
				CODE_SIGN_STYLE = Automatic;
				DEVELOPMENT_TEAM = 8W4933B5ZH;
				INFOPLIST_FILE = instagram/Info.plist;
				LD_RUNPATH_SEARCH_PATHS = (
					"$(inherited)",
					"@executable_path/Frameworks",
				);
				PRODUCT_BUNDLE_IDENTIFIER = com.imun.instagram;
				PRODUCT_NAME = "$(TARGET_NAME)";
				SWIFT_VERSION = 5.0;
				TARGETED_DEVICE_FAMILY = "1,2";
			};
			name = Debug;
		};
		DAD3F9F22558611700732BB6 /* Release */ = {
			isa = XCBuildConfiguration;
			buildSettings = {
				ASSETCATALOG_COMPILER_APPICON_NAME = AppIcon;
				ASSETCATALOG_COMPILER_GLOBAL_ACCENT_COLOR_NAME = AccentColor;
				CODE_SIGN_STYLE = Automatic;
				DEVELOPMENT_TEAM = 8W4933B5ZH;
				INFOPLIST_FILE = instagram/Info.plist;
				LD_RUNPATH_SEARCH_PATHS = (
					"$(inherited)",
					"@executable_path/Frameworks",
				);
				PRODUCT_BUNDLE_IDENTIFIER = com.imun.instagram;
				PRODUCT_NAME = "$(TARGET_NAME)";
				SWIFT_VERSION = 5.0;
				TARGETED_DEVICE_FAMILY = "1,2";
			};
			name = Release;
		};
		DAD3F9F42558611700732BB6 /* Debug */ = {
			isa = XCBuildConfiguration;
			buildSettings = {
				ALWAYS_EMBED_SWIFT_STANDARD_LIBRARIES = YES;
				BUNDLE_LOADER = "$(TEST_HOST)";
				CODE_SIGN_STYLE = Automatic;
				DEVELOPMENT_TEAM = 8W4933B5ZH;
				INFOPLIST_FILE = instagramTests/Info.plist;
				IPHONEOS_DEPLOYMENT_TARGET = 14.1;
				LD_RUNPATH_SEARCH_PATHS = (
					"$(inherited)",
					"@executable_path/Frameworks",
					"@loader_path/Frameworks",
				);
				PRODUCT_BUNDLE_IDENTIFIER = com.imun.instagramTests;
				PRODUCT_NAME = "$(TARGET_NAME)";
				SWIFT_VERSION = 5.0;
				TARGETED_DEVICE_FAMILY = "1,2";
				TEST_HOST = "$(BUILT_PRODUCTS_DIR)/instagram.app/instagram";
			};
			name = Debug;
		};
		DAD3F9F52558611700732BB6 /* Release */ = {
			isa = XCBuildConfiguration;
			buildSettings = {
				ALWAYS_EMBED_SWIFT_STANDARD_LIBRARIES = YES;
				BUNDLE_LOADER = "$(TEST_HOST)";
				CODE_SIGN_STYLE = Automatic;
				DEVELOPMENT_TEAM = 8W4933B5ZH;
				INFOPLIST_FILE = instagramTests/Info.plist;
				IPHONEOS_DEPLOYMENT_TARGET = 14.1;
				LD_RUNPATH_SEARCH_PATHS = (
					"$(inherited)",
					"@executable_path/Frameworks",
					"@loader_path/Frameworks",
				);
				PRODUCT_BUNDLE_IDENTIFIER = com.imun.instagramTests;
				PRODUCT_NAME = "$(TARGET_NAME)";
				SWIFT_VERSION = 5.0;
				TARGETED_DEVICE_FAMILY = "1,2";
				TEST_HOST = "$(BUILT_PRODUCTS_DIR)/instagram.app/instagram";
			};
			name = Release;
		};
		DAD3F9F72558611700732BB6 /* Debug */ = {
			isa = XCBuildConfiguration;
			buildSettings = {
				ALWAYS_EMBED_SWIFT_STANDARD_LIBRARIES = YES;
				CODE_SIGN_STYLE = Automatic;
				DEVELOPMENT_TEAM = 8W4933B5ZH;
				INFOPLIST_FILE = instagramUITests/Info.plist;
				LD_RUNPATH_SEARCH_PATHS = (
					"$(inherited)",
					"@executable_path/Frameworks",
					"@loader_path/Frameworks",
				);
				PRODUCT_BUNDLE_IDENTIFIER = com.imun.instagramUITests;
				PRODUCT_NAME = "$(TARGET_NAME)";
				SWIFT_VERSION = 5.0;
				TARGETED_DEVICE_FAMILY = "1,2";
				TEST_TARGET_NAME = instagram;
			};
			name = Debug;
		};
		DAD3F9F82558611700732BB6 /* Release */ = {
			isa = XCBuildConfiguration;
			buildSettings = {
				ALWAYS_EMBED_SWIFT_STANDARD_LIBRARIES = YES;
				CODE_SIGN_STYLE = Automatic;
				DEVELOPMENT_TEAM = 8W4933B5ZH;
				INFOPLIST_FILE = instagramUITests/Info.plist;
				LD_RUNPATH_SEARCH_PATHS = (
					"$(inherited)",
					"@executable_path/Frameworks",
					"@loader_path/Frameworks",
				);
				PRODUCT_BUNDLE_IDENTIFIER = com.imun.instagramUITests;
				PRODUCT_NAME = "$(TARGET_NAME)";
				SWIFT_VERSION = 5.0;
				TARGETED_DEVICE_FAMILY = "1,2";
				TEST_TARGET_NAME = instagram;
			};
			name = Release;
		};
/* End XCBuildConfiguration section */

/* Begin XCConfigurationList section */
		DAD3F9C12558611500732BB6 /* Build configuration list for PBXProject "instagram" */ = {
			isa = XCConfigurationList;
			buildConfigurations = (
				DAD3F9EE2558611700732BB6 /* Debug */,
				DAD3F9EF2558611700732BB6 /* Release */,
			);
			defaultConfigurationIsVisible = 0;
			defaultConfigurationName = Release;
		};
		DAD3F9F02558611700732BB6 /* Build configuration list for PBXNativeTarget "instagram" */ = {
			isa = XCConfigurationList;
			buildConfigurations = (
				DAD3F9F12558611700732BB6 /* Debug */,
				DAD3F9F22558611700732BB6 /* Release */,
			);
			defaultConfigurationIsVisible = 0;
			defaultConfigurationName = Release;
		};
		DAD3F9F32558611700732BB6 /* Build configuration list for PBXNativeTarget "instagramTests" */ = {
			isa = XCConfigurationList;
			buildConfigurations = (
				DAD3F9F42558611700732BB6 /* Debug */,
				DAD3F9F52558611700732BB6 /* Release */,
			);
			defaultConfigurationIsVisible = 0;
			defaultConfigurationName = Release;
		};
		DAD3F9F62558611700732BB6 /* Build configuration list for PBXNativeTarget "instagramUITests" */ = {
			isa = XCConfigurationList;
			buildConfigurations = (
				DAD3F9F72558611700732BB6 /* Debug */,
				DAD3F9F82558611700732BB6 /* Release */,
			);
			defaultConfigurationIsVisible = 0;
			defaultConfigurationName = Release;
		};
/* End XCConfigurationList section */
	};
	rootObject = DAD3F9BE2558611500732BB6 /* Project object */;
}
